// !$*UTF8*$!
{
	archiveVersion = 1;
	classes = {
	};
	objectVersion = 46;
	objects = {

/* Begin PBXBuildFile section */
		BC586BDE1BB0A9EF008287ED /* Realm.framework in Frameworks */ = {isa = PBXBuildFile; fileRef = BC586BDB1BB0A9EF008287ED /* Realm.framework */; settings = {ASSET_TAGS = (); }; };
		BC586BE01BB0A9EF008287ED /* RealmSwift.framework in Frameworks */ = {isa = PBXBuildFile; fileRef = BC586BDC1BB0A9EF008287ED /* RealmSwift.framework */; settings = {ASSET_TAGS = (); }; };
		BC586BE11BB0AA11008287ED /* Realm.framework in Frameworks */ = {isa = PBXBuildFile; fileRef = BC586BDB1BB0A9EF008287ED /* Realm.framework */; };
		BC586BE71BB0AA3A008287ED /* Realm.framework in Embed Frameworks */ = {isa = PBXBuildFile; fileRef = BC586BDB1BB0A9EF008287ED /* Realm.framework */; settings = {ATTRIBUTES = (CodeSignOnCopy, RemoveHeadersOnCopy, ); }; };
		BC586BE91BB0AA3C008287ED /* RealmSwift.framework in Frameworks */ = {isa = PBXBuildFile; fileRef = BC586BDC1BB0A9EF008287ED /* RealmSwift.framework */; };
		BC586BEA1BB0AA3C008287ED /* RealmSwift.framework in Embed Frameworks */ = {isa = PBXBuildFile; fileRef = BC586BDC1BB0A9EF008287ED /* RealmSwift.framework */; settings = {ATTRIBUTES = (CodeSignOnCopy, RemoveHeadersOnCopy, ); }; };
		BC586BEC1BB0AAD9008287ED /* PrinterInfoModel.swift in Sources */ = {isa = PBXBuildFile; fileRef = BC586BEB1BB0AAD9008287ED /* PrinterInfoModel.swift */; settings = {ASSET_TAGS = (); }; };
		BC586BED1BB0AAD9008287ED /* PrinterInfoModel.swift in Sources */ = {isa = PBXBuildFile; fileRef = BC586BEB1BB0AAD9008287ED /* PrinterInfoModel.swift */; settings = {ASSET_TAGS = (); }; };
		BC90FA871B9A279B00BE7824 /* AppDelegate.swift in Sources */ = {isa = PBXBuildFile; fileRef = BC90FA861B9A279B00BE7824 /* AppDelegate.swift */; };
		BC90FA891B9A279B00BE7824 /* ViewController.swift in Sources */ = {isa = PBXBuildFile; fileRef = BC90FA881B9A279B00BE7824 /* ViewController.swift */; };
		BC90FA8B1B9A279B00BE7824 /* Images.xcassets in Resources */ = {isa = PBXBuildFile; fileRef = BC90FA8A1B9A279B00BE7824 /* Images.xcassets */; };
		BC90FA8E1B9A279B00BE7824 /* Main.storyboard in Resources */ = {isa = PBXBuildFile; fileRef = BC90FA8C1B9A279B00BE7824 /* Main.storyboard */; };
		BC90FA9A1B9A279B00BE7824 /* publish4AllUtilityToolsTests.swift in Sources */ = {isa = PBXBuildFile; fileRef = BC90FA991B9A279B00BE7824 /* publish4AllUtilityToolsTests.swift */; };
		BC90FAA71B9A284D00BE7824 /* index.html in Resources */ = {isa = PBXBuildFile; fileRef = BC90FAA61B9A284D00BE7824 /* index.html */; };
		BCDF7D9E1BA221EF007E44E5 /* some.rb in Resources */ = {isa = PBXBuildFile; fileRef = BCDF7D9D1BA221EF007E44E5 /* some.rb */; };
/* End PBXBuildFile section */

/* Begin PBXContainerItemProxy section */
		BC90FA941B9A279B00BE7824 /* PBXContainerItemProxy */ = {
			isa = PBXContainerItemProxy;
			containerPortal = BC90FA791B9A279B00BE7824 /* Project object */;
			proxyType = 1;
			remoteGlobalIDString = BC90FA801B9A279B00BE7824;
			remoteInfo = publish4AllUtilityTools;
		};
/* End PBXContainerItemProxy section */

/* Begin PBXCopyFilesBuildPhase section */
		BC586BE81BB0AA3A008287ED /* Embed Frameworks */ = {
			isa = PBXCopyFilesBuildPhase;
			buildActionMask = 2147483647;
			dstPath = "";
			dstSubfolderSpec = 10;
			files = (
				BC586BEA1BB0AA3C008287ED /* RealmSwift.framework in Embed Frameworks */,
				BC586BE71BB0AA3A008287ED /* Realm.framework in Embed Frameworks */,
			);
			name = "Embed Frameworks";
			runOnlyForDeploymentPostprocessing = 0;
		};
/* End PBXCopyFilesBuildPhase section */

/* Begin PBXFileReference section */
		BC586BDB1BB0A9EF008287ED /* Realm.framework */ = {isa = PBXFileReference; lastKnownFileType = wrapper.framework; path = Realm.framework; sourceTree = "<group>"; };
		BC586BDC1BB0A9EF008287ED /* RealmSwift.framework */ = {isa = PBXFileReference; lastKnownFileType = wrapper.framework; path = RealmSwift.framework; sourceTree = "<group>"; };
		BC586BEB1BB0AAD9008287ED /* PrinterInfoModel.swift */ = {isa = PBXFileReference; fileEncoding = 4; lastKnownFileType = sourcecode.swift; path = PrinterInfoModel.swift; sourceTree = "<group>"; };
		BC5AFAAC1B9F784500055872 /* MyPlayground.playground */ = {isa = PBXFileReference; lastKnownFileType = file.playground; path = MyPlayground.playground; sourceTree = "<group>"; };
		BC5AFAB01BA0DBAE00055872 /* Syntax.rb */ = {isa = PBXFileReference; lastKnownFileType = text.script.ruby; path = Syntax.rb; sourceTree = "<group>"; };
		BC90FA811B9A279B00BE7824 /* publish4AllUtilityTools.app */ = {isa = PBXFileReference; explicitFileType = wrapper.application; includeInIndex = 0; path = publish4AllUtilityTools.app; sourceTree = BUILT_PRODUCTS_DIR; };
		BC90FA851B9A279B00BE7824 /* Info.plist */ = {isa = PBXFileReference; lastKnownFileType = text.plist.xml; path = Info.plist; sourceTree = "<group>"; };
		BC90FA861B9A279B00BE7824 /* AppDelegate.swift */ = {isa = PBXFileReference; lastKnownFileType = sourcecode.swift; path = AppDelegate.swift; sourceTree = "<group>"; };
		BC90FA881B9A279B00BE7824 /* ViewController.swift */ = {isa = PBXFileReference; lastKnownFileType = sourcecode.swift; path = ViewController.swift; sourceTree = "<group>"; };
		BC90FA8A1B9A279B00BE7824 /* Images.xcassets */ = {isa = PBXFileReference; lastKnownFileType = folder.assetcatalog; path = Images.xcassets; sourceTree = "<group>"; };
		BC90FA8D1B9A279B00BE7824 /* Base */ = {isa = PBXFileReference; lastKnownFileType = file.storyboard; name = Base; path = Base.lproj/Main.storyboard; sourceTree = "<group>"; };
		BC90FA931B9A279B00BE7824 /* publish4AllUtilityToolsTests.xctest */ = {isa = PBXFileReference; explicitFileType = wrapper.cfbundle; includeInIndex = 0; path = publish4AllUtilityToolsTests.xctest; sourceTree = BUILT_PRODUCTS_DIR; };
		BC90FA981B9A279B00BE7824 /* Info.plist */ = {isa = PBXFileReference; lastKnownFileType = text.plist.xml; path = Info.plist; sourceTree = "<group>"; };
		BC90FA991B9A279B00BE7824 /* publish4AllUtilityToolsTests.swift */ = {isa = PBXFileReference; lastKnownFileType = sourcecode.swift; path = publish4AllUtilityToolsTests.swift; sourceTree = "<group>"; };
		BC90FAA61B9A284D00BE7824 /* index.html */ = {isa = PBXFileReference; fileEncoding = 4; lastKnownFileType = text.html; path = index.html; sourceTree = "<group>"; };
		BCDF7D9D1BA221EF007E44E5 /* some.rb */ = {isa = PBXFileReference; fileEncoding = 4; lastKnownFileType = text.script.ruby; path = some.rb; sourceTree = "<group>"; };
/* End PBXFileReference section */

/* Begin PBXFrameworksBuildPhase section */
		BC90FA7E1B9A279B00BE7824 /* Frameworks */ = {
			isa = PBXFrameworksBuildPhase;
			buildActionMask = 2147483647;
			files = (
				BC586BE11BB0AA11008287ED /* Realm.framework in Frameworks */,
				BC586BE91BB0AA3C008287ED /* RealmSwift.framework in Frameworks */,
			);
			runOnlyForDeploymentPostprocessing = 0;
		};
		BC90FA901B9A279B00BE7824 /* Frameworks */ = {
			isa = PBXFrameworksBuildPhase;
			buildActionMask = 2147483647;
			files = (
				BC586BE01BB0A9EF008287ED /* RealmSwift.framework in Frameworks */,
				BC586BDE1BB0A9EF008287ED /* Realm.framework in Frameworks */,
			);
			runOnlyForDeploymentPostprocessing = 0;
		};
/* End PBXFrameworksBuildPhase section */

/* Begin PBXGroup section */
		BC90FA781B9A279B00BE7824 = {
			isa = PBXGroup;
			children = (
				BC90FA831B9A279B00BE7824 /* publish4AllUtilityTools */,
				BC90FA961B9A279B00BE7824 /* publish4AllUtilityToolsTests */,
				BC90FA821B9A279B00BE7824 /* Products */,
				BC586BDB1BB0A9EF008287ED /* Realm.framework */,
				BC586BDC1BB0A9EF008287ED /* RealmSwift.framework */,
				BC5AFAB01BA0DBAE00055872 /* Syntax.rb */,
			);
			sourceTree = "<group>";
		};
		BC90FA821B9A279B00BE7824 /* Products */ = {
			isa = PBXGroup;
			children = (
				BC90FA811B9A279B00BE7824 /* publish4AllUtilityTools.app */,
				BC90FA931B9A279B00BE7824 /* publish4AllUtilityToolsTests.xctest */,
			);
			name = Products;
			sourceTree = "<group>";
		};
		BC90FA831B9A279B00BE7824 /* publish4AllUtilityTools */ = {
			isa = PBXGroup;
			children = (
				BC90FAA31B9A281F00BE7824 /* webs */,
				BC90FA861B9A279B00BE7824 /* AppDelegate.swift */,
				BC90FA881B9A279B00BE7824 /* ViewController.swift */,
				BC586BEB1BB0AAD9008287ED /* PrinterInfoModel.swift */,
				BC90FA8A1B9A279B00BE7824 /* Images.xcassets */,
				BC90FA8C1B9A279B00BE7824 /* Main.storyboard */,
				BC90FA841B9A279B00BE7824 /* Supporting Files */,
				BC5AFAAC1B9F784500055872 /* MyPlayground.playground */,
			);
			path = publish4AllUtilityTools;
			sourceTree = "<group>";
		};
		BC90FA841B9A279B00BE7824 /* Supporting Files */ = {
			isa = PBXGroup;
			children = (
				BC90FA851B9A279B00BE7824 /* Info.plist */,
			);
			name = "Supporting Files";
			sourceTree = "<group>";
		};
		BC90FA961B9A279B00BE7824 /* publish4AllUtilityToolsTests */ = {
			isa = PBXGroup;
			children = (
				BC90FA991B9A279B00BE7824 /* publish4AllUtilityToolsTests.swift */,
				BC90FA971B9A279B00BE7824 /* Supporting Files */,
			);
			path = publish4AllUtilityToolsTests;
			sourceTree = "<group>";
		};
		BC90FA971B9A279B00BE7824 /* Supporting Files */ = {
			isa = PBXGroup;
			children = (
				BC90FA981B9A279B00BE7824 /* Info.plist */,
			);
			name = "Supporting Files";
			sourceTree = "<group>";
		};
		BC90FAA31B9A281F00BE7824 /* webs */ = {
			isa = PBXGroup;
			children = (
				BC90FAA61B9A284D00BE7824 /* index.html */,
				BCDF7D9D1BA221EF007E44E5 /* some.rb */,
			);
			name = webs;
			sourceTree = "<group>";
		};
/* End PBXGroup section */

/* Begin PBXNativeTarget section */
		BC90FA801B9A279B00BE7824 /* publish4AllUtilityTools */ = {
			isa = PBXNativeTarget;
			buildConfigurationList = BC90FA9D1B9A279B00BE7824 /* Build configuration list for PBXNativeTarget "publish4AllUtilityTools" */;
			buildPhases = (
				BC90FA7D1B9A279B00BE7824 /* Sources */,
				BC90FA7E1B9A279B00BE7824 /* Frameworks */,
				BC90FA7F1B9A279B00BE7824 /* Resources */,
				BC586BE81BB0AA3A008287ED /* Embed Frameworks */,
			);
			buildRules = (
			);
			dependencies = (
			);
			name = publish4AllUtilityTools;
			productName = publish4AllUtilityTools;
			productReference = BC90FA811B9A279B00BE7824 /* publish4AllUtilityTools.app */;
			productType = "com.apple.product-type.application";
		};
		BC90FA921B9A279B00BE7824 /* publish4AllUtilityToolsTests */ = {
			isa = PBXNativeTarget;
			buildConfigurationList = BC90FAA01B9A279B00BE7824 /* Build configuration list for PBXNativeTarget "publish4AllUtilityToolsTests" */;
			buildPhases = (
				BC90FA8F1B9A279B00BE7824 /* Sources */,
				BC90FA901B9A279B00BE7824 /* Frameworks */,
				BC90FA911B9A279B00BE7824 /* Resources */,
			);
			buildRules = (
			);
			dependencies = (
				BC90FA951B9A279B00BE7824 /* PBXTargetDependency */,
			);
			name = publish4AllUtilityToolsTests;
			productName = publish4AllUtilityToolsTests;
			productReference = BC90FA931B9A279B00BE7824 /* publish4AllUtilityToolsTests.xctest */;
			productType = "com.apple.product-type.bundle.unit-test";
		};
/* End PBXNativeTarget section */

/* Begin PBXProject section */
		BC90FA791B9A279B00BE7824 /* Project object */ = {
			isa = PBXProject;
			attributes = {
				LastSwiftMigration = 0700;
				LastSwiftUpdateCheck = 0700;
				LastUpgradeCheck = 0700;
				ORGANIZATIONNAME = "Zhu,Weicheng";
				TargetAttributes = {
					BC90FA801B9A279B00BE7824 = {
						CreatedOnToolsVersion = 6.4;
					};
					BC90FA921B9A279B00BE7824 = {
						CreatedOnToolsVersion = 6.4;
						TestTargetID = BC90FA801B9A279B00BE7824;
					};
				};
			};
			buildConfigurationList = BC90FA7C1B9A279B00BE7824 /* Build configuration list for PBXProject "publish4AllUtilityTools" */;
			compatibilityVersion = "Xcode 3.2";
			developmentRegion = English;
			hasScannedForEncodings = 0;
			knownRegions = (
				en,
				Base,
			);
			mainGroup = BC90FA781B9A279B00BE7824;
			productRefGroup = BC90FA821B9A279B00BE7824 /* Products */;
			projectDirPath = "";
			projectRoot = "";
			targets = (
				BC90FA801B9A279B00BE7824 /* publish4AllUtilityTools */,
				BC90FA921B9A279B00BE7824 /* publish4AllUtilityToolsTests */,
			);
		};
/* End PBXProject section */

/* Begin PBXResourcesBuildPhase section */
		BC90FA7F1B9A279B00BE7824 /* Resources */ = {
			isa = PBXResourcesBuildPhase;
			buildActionMask = 2147483647;
			files = (
				BC90FAA71B9A284D00BE7824 /* index.html in Resources */,
				BCDF7D9E1BA221EF007E44E5 /* some.rb in Resources */,
				BC90FA8B1B9A279B00BE7824 /* Images.xcassets in Resources */,
				BC90FA8E1B9A279B00BE7824 /* Main.storyboard in Resources */,
			);
			runOnlyForDeploymentPostprocessing = 0;
		};
		BC90FA911B9A279B00BE7824 /* Resources */ = {
			isa = PBXResourcesBuildPhase;
			buildActionMask = 2147483647;
			files = (
			);
			runOnlyForDeploymentPostprocessing = 0;
		};
/* End PBXResourcesBuildPhase section */

/* Begin PBXSourcesBuildPhase section */
		BC90FA7D1B9A279B00BE7824 /* Sources */ = {
			isa = PBXSourcesBuildPhase;
			buildActionMask = 2147483647;
			files = (
				BC90FA891B9A279B00BE7824 /* ViewController.swift in Sources */,
				BC90FA871B9A279B00BE7824 /* AppDelegate.swift in Sources */,
				BC586BEC1BB0AAD9008287ED /* PrinterInfoModel.swift in Sources */,
			);
			runOnlyForDeploymentPostprocessing = 0;
		};
		BC90FA8F1B9A279B00BE7824 /* Sources */ = {
			isa = PBXSourcesBuildPhase;
			buildActionMask = 2147483647;
			files = (
				BC586BED1BB0AAD9008287ED /* PrinterInfoModel.swift in Sources */,
				BC90FA9A1B9A279B00BE7824 /* publish4AllUtilityToolsTests.swift in Sources */,
			);
			runOnlyForDeploymentPostprocessing = 0;
		};
/* End PBXSourcesBuildPhase section */

/* Begin PBXTargetDependency section */
		BC90FA951B9A279B00BE7824 /* PBXTargetDependency */ = {
			isa = PBXTargetDependency;
			target = BC90FA801B9A279B00BE7824 /* publish4AllUtilityTools */;
			targetProxy = BC90FA941B9A279B00BE7824 /* PBXContainerItemProxy */;
		};
/* End PBXTargetDependency section */

/* Begin PBXVariantGroup section */
		BC90FA8C1B9A279B00BE7824 /* Main.storyboard */ = {
			isa = PBXVariantGroup;
			children = (
				BC90FA8D1B9A279B00BE7824 /* Base */,
			);
			name = Main.storyboard;
			sourceTree = "<group>";
		};
/* End PBXVariantGroup section */

/* Begin XCBuildConfiguration section */
		BC90FA9B1B9A279B00BE7824 /* Debug */ = {
			isa = XCBuildConfiguration;
			buildSettings = {
				ALWAYS_SEARCH_USER_PATHS = NO;
				CLANG_CXX_LANGUAGE_STANDARD = "gnu++0x";
				CLANG_CXX_LIBRARY = "libc++";
				CLANG_ENABLE_MODULES = YES;
				CLANG_ENABLE_OBJC_ARC = YES;
				CLANG_WARN_BOOL_CONVERSION = YES;
				CLANG_WARN_CONSTANT_CONVERSION = YES;
				CLANG_WARN_DIRECT_OBJC_ISA_USAGE = YES_ERROR;
				CLANG_WARN_EMPTY_BODY = YES;
				CLANG_WARN_ENUM_CONVERSION = YES;
				CLANG_WARN_INT_CONVERSION = YES;
				CLANG_WARN_OBJC_ROOT_CLASS = YES_ERROR;
				CLANG_WARN_UNREACHABLE_CODE = YES;
				CLANG_WARN__DUPLICATE_METHOD_MATCH = YES;
				CODE_SIGN_IDENTITY = "-";
				COPY_PHASE_STRIP = NO;
				DEBUG_INFORMATION_FORMAT = dwarf;
				ENABLE_STRICT_OBJC_MSGSEND = YES;
				ENABLE_TESTABILITY = YES;
				GCC_C_LANGUAGE_STANDARD = gnu99;
				GCC_DYNAMIC_NO_PIC = NO;
				GCC_NO_COMMON_BLOCKS = YES;
				GCC_OPTIMIZATION_LEVEL = 0;
				GCC_PREPROCESSOR_DEFINITIONS = (
					"DEBUG=1",
					"$(inherited)",
				);
				GCC_SYMBOLS_PRIVATE_EXTERN = NO;
				GCC_WARN_64_TO_32_BIT_CONVERSION = YES;
				GCC_WARN_ABOUT_RETURN_TYPE = YES_ERROR;
				GCC_WARN_UNDECLARED_SELECTOR = YES;
				GCC_WARN_UNINITIALIZED_AUTOS = YES_AGGRESSIVE;
				GCC_WARN_UNUSED_FUNCTION = YES;
				GCC_WARN_UNUSED_VARIABLE = YES;
				MACOSX_DEPLOYMENT_TARGET = 10.11;
				MTL_ENABLE_DEBUG_INFO = YES;
				ONLY_ACTIVE_ARCH = YES;
				SDKROOT = macosx;
				SWIFT_OPTIMIZATION_LEVEL = "-Onone";
			};
			name = Debug;
		};
		BC90FA9C1B9A279B00BE7824 /* Release */ = {
			isa = XCBuildConfiguration;
			buildSettings = {
				ALWAYS_SEARCH_USER_PATHS = NO;
				CLANG_CXX_LANGUAGE_STANDARD = "gnu++0x";
				CLANG_CXX_LIBRARY = "libc++";
				CLANG_ENABLE_MODULES = YES;
				CLANG_ENABLE_OBJC_ARC = YES;
				CLANG_WARN_BOOL_CONVERSION = YES;
				CLANG_WARN_CONSTANT_CONVERSION = YES;
				CLANG_WARN_DIRECT_OBJC_ISA_USAGE = YES_ERROR;
				CLANG_WARN_EMPTY_BODY = YES;
				CLANG_WARN_ENUM_CONVERSION = YES;
				CLANG_WARN_INT_CONVERSION = YES;
				CLANG_WARN_OBJC_ROOT_CLASS = YES_ERROR;
				CLANG_WARN_UNREACHABLE_CODE = YES;
				CLANG_WARN__DUPLICATE_METHOD_MATCH = YES;
				CODE_SIGN_IDENTITY = "-";
				COPY_PHASE_STRIP = NO;
				DEBUG_INFORMATION_FORMAT = "dwarf-with-dsym";
				ENABLE_NS_ASSERTIONS = NO;
				ENABLE_STRICT_OBJC_MSGSEND = YES;
				GCC_C_LANGUAGE_STANDARD = gnu99;
				GCC_NO_COMMON_BLOCKS = YES;
				GCC_WARN_64_TO_32_BIT_CONVERSION = YES;
				GCC_WARN_ABOUT_RETURN_TYPE = YES_ERROR;
				GCC_WARN_UNDECLARED_SELECTOR = YES;
				GCC_WARN_UNINITIALIZED_AUTOS = YES_AGGRESSIVE;
				GCC_WARN_UNUSED_FUNCTION = YES;
				GCC_WARN_UNUSED_VARIABLE = YES;
				MACOSX_DEPLOYMENT_TARGET = 10.11;
				MTL_ENABLE_DEBUG_INFO = NO;
				SDKROOT = macosx;
			};
			name = Release;
		};
		BC90FA9E1B9A279B00BE7824 /* Debug */ = {
			isa = XCBuildConfiguration;
			buildSettings = {
				ASSETCATALOG_COMPILER_APPICON_NAME = AppIcon;
				COMBINE_HIDPI_IMAGES = YES;
				FRAMEWORK_SEARCH_PATHS = (
					"$(inherited)",
					"$(PROJECT_DIR)",
				);
				INFOPLIST_FILE = publish4AllUtilityTools/Info.plist;
				LD_RUNPATH_SEARCH_PATHS = "$(inherited) @executable_path/../Frameworks";
				PRODUCT_BUNDLE_IDENTIFIER = "com.Weicheng.FunFacts.$(PRODUCT_NAME:rfc1034identifier)";
				PRODUCT_NAME = "$(TARGET_NAME)";
			};
			name = Debug;
		};
		BC90FA9F1B9A279B00BE7824 /* Release */ = {
			isa = XCBuildConfiguration;
			buildSettings = {
				ASSETCATALOG_COMPILER_APPICON_NAME = AppIcon;
				COMBINE_HIDPI_IMAGES = YES;
				FRAMEWORK_SEARCH_PATHS = (
					"$(inherited)",
					"$(PROJECT_DIR)",
				);
				INFOPLIST_FILE = publish4AllUtilityTools/Info.plist;
				LD_RUNPATH_SEARCH_PATHS = "$(inherited) @executable_path/../Frameworks";
				PRODUCT_BUNDLE_IDENTIFIER = "com.Weicheng.FunFacts.$(PRODUCT_NAME:rfc1034identifier)";
				PRODUCT_NAME = "$(TARGET_NAME)";
			};
			name = Release;
		};
		BC90FAA11B9A279B00BE7824 /* Debug */ = {
			isa = XCBuildConfiguration;
			buildSettings = {
				BUNDLE_LOADER = "$(TEST_HOST)";
				COMBINE_HIDPI_IMAGES = YES;
				FRAMEWORK_SEARCH_PATHS = (
					"$(DEVELOPER_FRAMEWORKS_DIR)",
					"$(inherited)",
					"$(PROJECT_DIR)",
				);
				GCC_PREPROCESSOR_DEFINITIONS = (
					"DEBUG=1",
					"$(inherited)",
				);
				INFOPLIST_FILE = publish4AllUtilityToolsTests/Info.plist;
				LD_RUNPATH_SEARCH_PATHS = "$(inherited) @executable_path/../Frameworks @loader_path/../Frameworks";
				PRODUCT_BUNDLE_IDENTIFIER = "com.Weicheng.FunFacts.$(PRODUCT_NAME:rfc1034identifier)";
				PRODUCT_NAME = "$(TARGET_NAME)";
				TEST_HOST = "$(BUILT_PRODUCTS_DIR)/publish4AllUtilityTools.app/Contents/MacOS/publish4AllUtilityTools";
			};
			name = Debug;
		};
		BC90FAA21B9A279B00BE7824 /* Release */ = {
			isa = XCBuildConfiguration;
			buildSettings = {
				BUNDLE_LOADER = "$(TEST_HOST)";
				COMBINE_HIDPI_IMAGES = YES;
				FRAMEWORK_SEARCH_PATHS = (
					"$(DEVELOPER_FRAMEWORKS_DIR)",
					"$(inherited)",
					"$(PROJECT_DIR)",
				);
				INFOPLIST_FILE = publish4AllUtilityToolsTests/Info.plist;
				LD_RUNPATH_SEARCH_PATHS = "$(inherited) @executable_path/../Frameworks @loader_path/../Frameworks";
				PRODUCT_BUNDLE_IDENTIFIER = "com.Weicheng.FunFacts.$(PRODUCT_NAME:rfc1034identifier)";
				PRODUCT_NAME = "$(TARGET_NAME)";
				TEST_HOST = "$(BUILT_PRODUCTS_DIR)/publish4AllUtilityTools.app/Contents/MacOS/publish4AllUtilityTools";
			};
			name = Release;
		};
/* End XCBuildConfiguration section */

/* Begin XCConfigurationList section */
		BC90FA7C1B9A279B00BE7824 /* Build configuration list for PBXProject "publish4AllUtilityTools" */ = {
			isa = XCConfigurationList;
			buildConfigurations = (
				BC90FA9B1B9A279B00BE7824 /* Debug */,
				BC90FA9C1B9A279B00BE7824 /* Release */,
			);
			defaultConfigurationIsVisible = 0;
			defaultConfigurationName = Release;
		};
		BC90FA9D1B9A279B00BE7824 /* Build configuration list for PBXNativeTarget "publish4AllUtilityTools" */ = {
			isa = XCConfigurationList;
			buildConfigurations = (
				BC90FA9E1B9A279B00BE7824 /* Debug */,
				BC90FA9F1B9A279B00BE7824 /* Release */,
			);
			defaultConfigurationIsVisible = 0;
			defaultConfigurationName = Release;
		};
		BC90FAA01B9A279B00BE7824 /* Build configuration list for PBXNativeTarget "publish4AllUtilityToolsTests" */ = {
			isa = XCConfigurationList;
			buildConfigurations = (
				BC90FAA11B9A279B00BE7824 /* Debug */,
				BC90FAA21B9A279B00BE7824 /* Release */,
			);
			defaultConfigurationIsVisible = 0;
			defaultConfigurationName = Release;
		};
/* End XCConfigurationList section */
	};
	rootObject = BC90FA791B9A279B00BE7824 /* Project object */;
}
